// !$*UTF8*$!
{
	archiveVersion = 1;
	classes = {
	};
	objectVersion = 52;
	objects = {

/* Begin PBXBuildFile section */
		8F6774A825D1532900D43BF6 /* GoogleService-Info.plist in Resources */ = {isa = PBXBuildFile; fileRef = 8F6774A725D1532900D43BF6 /* GoogleService-Info.plist */; };
		8F6774AC25D16F7500D43BF6 /* Model.swift in Sources */ = {isa = PBXBuildFile; fileRef = 8F6774AB25D16F7500D43BF6 /* Model.swift */; };
		8F6774AF25D17F5300D43BF6 /* LoginView.swift in Sources */ = {isa = PBXBuildFile; fileRef = 8F6774AE25D17F5300D43BF6 /* LoginView.swift */; };
		8F8580E325D1399E00722FDE /* Vin21App.swift in Sources */ = {isa = PBXBuildFile; fileRef = 8F8580E225D1399E00722FDE /* Vin21App.swift */; };
		8F8580E525D1399E00722FDE /* ContentView.swift in Sources */ = {isa = PBXBuildFile; fileRef = 8F8580E425D1399E00722FDE /* ContentView.swift */; };
		8F8580E725D139A300722FDE /* Assets.xcassets in Resources */ = {isa = PBXBuildFile; fileRef = 8F8580E625D139A300722FDE /* Assets.xcassets */; };
		8F8580EA25D139A300722FDE /* Preview Assets.xcassets in Resources */ = {isa = PBXBuildFile; fileRef = 8F8580E925D139A300722FDE /* Preview Assets.xcassets */; };
		8FA27B1325D3D58F00B3A91C /* FirebaseAuth in Frameworks */ = {isa = PBXBuildFile; productRef = 8FA27B1225D3D58F00B3A91C /* FirebaseAuth */; };
		8FA27B1525D3D58F00B3A91C /* FirebaseFirestore in Frameworks */ = {isa = PBXBuildFile; productRef = 8FA27B1425D3D58F00B3A91C /* FirebaseFirestore */; };
		8FA27B1725D3D58F00B3A91C /* FirebaseFirestoreSwift-Beta in Frameworks */ = {isa = PBXBuildFile; productRef = 8FA27B1625D3D58F00B3A91C /* FirebaseFirestoreSwift-Beta */; };
		8FA27B1A25D3DFA600B3A91C /* Wine.swift in Sources */ = {isa = PBXBuildFile; fileRef = 8FA27B1925D3DFA600B3A91C /* Wine.swift */; };
		8FA27B1E25D40F1600B3A91C /* WineView.swift in Sources */ = {isa = PBXBuildFile; fileRef = 8FA27B1D25D40F1600B3A91C /* WineView.swift */; };
/* End PBXBuildFile section */

/* Begin PBXFileReference section */
		8F6774A725D1532900D43BF6 /* GoogleService-Info.plist */ = {isa = PBXFileReference; fileEncoding = 4; lastKnownFileType = text.plist.xml; path = "GoogleService-Info.plist"; sourceTree = "<group>"; };
		8F6774AB25D16F7500D43BF6 /* Model.swift */ = {isa = PBXFileReference; lastKnownFileType = sourcecode.swift; path = Model.swift; sourceTree = "<group>"; };
		8F6774AE25D17F5300D43BF6 /* LoginView.swift */ = {isa = PBXFileReference; lastKnownFileType = sourcecode.swift; path = LoginView.swift; sourceTree = "<group>"; };
		8F8580DF25D1399E00722FDE /* Vin21.app */ = {isa = PBXFileReference; explicitFileType = wrapper.application; includeInIndex = 0; path = Vin21.app; sourceTree = BUILT_PRODUCTS_DIR; };
		8F8580E225D1399E00722FDE /* Vin21App.swift */ = {isa = PBXFileReference; lastKnownFileType = sourcecode.swift; path = Vin21App.swift; sourceTree = "<group>"; };
		8F8580E425D1399E00722FDE /* ContentView.swift */ = {isa = PBXFileReference; lastKnownFileType = sourcecode.swift; path = ContentView.swift; sourceTree = "<group>"; };
		8F8580E625D139A300722FDE /* Assets.xcassets */ = {isa = PBXFileReference; lastKnownFileType = folder.assetcatalog; path = Assets.xcassets; sourceTree = "<group>"; };
		8F8580E925D139A300722FDE /* Preview Assets.xcassets */ = {isa = PBXFileReference; lastKnownFileType = folder.assetcatalog; path = "Preview Assets.xcassets"; sourceTree = "<group>"; };
		8F8580EB25D139A300722FDE /* Info.plist */ = {isa = PBXFileReference; lastKnownFileType = text.plist.xml; path = Info.plist; sourceTree = "<group>"; };
		8FA27B1925D3DFA600B3A91C /* Wine.swift */ = {isa = PBXFileReference; lastKnownFileType = sourcecode.swift; path = Wine.swift; sourceTree = "<group>"; };
		8FA27B1D25D40F1600B3A91C /* WineView.swift */ = {isa = PBXFileReference; lastKnownFileType = sourcecode.swift; path = WineView.swift; sourceTree = "<group>"; };
/* End PBXFileReference section */

/* Begin PBXFrameworksBuildPhase section */
		8F8580DC25D1399E00722FDE /* Frameworks */ = {
			isa = PBXFrameworksBuildPhase;
			buildActionMask = 2147483647;
			files = (
				8FA27B1725D3D58F00B3A91C /* FirebaseFirestoreSwift-Beta in Frameworks */,
				8FA27B1325D3D58F00B3A91C /* FirebaseAuth in Frameworks */,
				8FA27B1525D3D58F00B3A91C /* FirebaseFirestore in Frameworks */,
			);
			runOnlyForDeploymentPostprocessing = 0;
		};
/* End PBXFrameworksBuildPhase section */

/* Begin PBXGroup section */
		8F8580D625D1399E00722FDE = {
			isa = PBXGroup;
			children = (
				8F8580E125D1399E00722FDE /* Vin21 */,
				8F8580E025D1399E00722FDE /* Products */,
			);
			sourceTree = "<group>";
		};
		8F8580E025D1399E00722FDE /* Products */ = {
			isa = PBXGroup;
			children = (
				8F8580DF25D1399E00722FDE /* Vin21.app */,
			);
			name = Products;
			sourceTree = "<group>";
		};
		8F8580E125D1399E00722FDE /* Vin21 */ = {
			isa = PBXGroup;
			children = (
				8F8580E225D1399E00722FDE /* Vin21App.swift */,
				8F8580E425D1399E00722FDE /* ContentView.swift */,
				8F6774AE25D17F5300D43BF6 /* LoginView.swift */,
				8FA27B1D25D40F1600B3A91C /* WineView.swift */,
				8F6774AB25D16F7500D43BF6 /* Model.swift */,
				8FA27B1925D3DFA600B3A91C /* Wine.swift */,
				8F8580E625D139A300722FDE /* Assets.xcassets */,
				8F8580EB25D139A300722FDE /* Info.plist */,
				8F6774A725D1532900D43BF6 /* GoogleService-Info.plist */,
				8F8580E825D139A300722FDE /* Preview Content */,
			);
			path = Vin21;
			sourceTree = "<group>";
		};
		8F8580E825D139A300722FDE /* Preview Content */ = {
			isa = PBXGroup;
			children = (
				8F8580E925D139A300722FDE /* Preview Assets.xcassets */,
			);
			path = "Preview Content";
			sourceTree = "<group>";
		};
/* End PBXGroup section */

/* Begin PBXNativeTarget section */
		8F8580DE25D1399E00722FDE /* Vin21 */ = {
			isa = PBXNativeTarget;
			buildConfigurationList = 8F8580EE25D139A300722FDE /* Build configuration list for PBXNativeTarget "Vin21" */;
			buildPhases = (
				8F8580DB25D1399E00722FDE /* Sources */,
				8F8580DC25D1399E00722FDE /* Frameworks */,
				8F8580DD25D1399E00722FDE /* Resources */,
			);
			buildRules = (
			);
			dependencies = (
			);
			name = Vin21;
			packageProductDependencies = (
				8FA27B1225D3D58F00B3A91C /* FirebaseAuth */,
				8FA27B1425D3D58F00B3A91C /* FirebaseFirestore */,
				8FA27B1625D3D58F00B3A91C /* FirebaseFirestoreSwift-Beta */,
			);
			productName = Vin21;
			productReference = 8F8580DF25D1399E00722FDE /* Vin21.app */;
			productType = "com.apple.product-type.application";
		};
/* End PBXNativeTarget section */

/* Begin PBXProject section */
		8F8580D725D1399E00722FDE /* Project object */ = {
			isa = PBXProject;
			attributes = {
				LastSwiftUpdateCheck = 1240;
				LastUpgradeCheck = 1240;
				TargetAttributes = {
					8F8580DE25D1399E00722FDE = {
						CreatedOnToolsVersion = 12.4;
					};
				};
			};
			buildConfigurationList = 8F8580DA25D1399E00722FDE /* Build configuration list for PBXProject "Vin21" */;
			compatibilityVersion = "Xcode 9.3";
			developmentRegion = en;
			hasScannedForEncodings = 0;
			knownRegions = (
				en,
				Base,
			);
			mainGroup = 8F8580D625D1399E00722FDE;
			packageReferences = (
				8FA27B1125D3D58F00B3A91C /* XCRemoteSwiftPackageReference "firebase-ios-sdk" */,
			);
			productRefGroup = 8F8580E025D1399E00722FDE /* Products */;
			projectDirPath = "";
			projectRoot = "";
			targets = (
				8F8580DE25D1399E00722FDE /* Vin21 */,
			);
		};
/* End PBXProject section */

/* Begin PBXResourcesBuildPhase section */
		8F8580DD25D1399E00722FDE /* Resources */ = {
			isa = PBXResourcesBuildPhase;
			buildActionMask = 2147483647;
			files = (
				8F8580EA25D139A300722FDE /* Preview Assets.xcassets in Resources */,
				8F8580E725D139A300722FDE /* Assets.xcassets in Resources */,
				8F6774A825D1532900D43BF6 /* GoogleService-Info.plist in Resources */,
			);
			runOnlyForDeploymentPostprocessing = 0;
		};
/* End PBXResourcesBuildPhase section */

/* Begin PBXSourcesBuildPhase section */
		8F8580DB25D1399E00722FDE /* Sources */ = {
			isa = PBXSourcesBuildPhase;
			buildActionMask = 2147483647;
			files = (
				8F6774AC25D16F7500D43BF6 /* Model.swift in Sources */,
				8FA27B1E25D40F1600B3A91C /* WineView.swift in Sources */,
				8FA27B1A25D3DFA600B3A91C /* Wine.swift in Sources */,
				8F8580E525D1399E00722FDE /* ContentView.swift in Sources */,
				8F6774AF25D17F5300D43BF6 /* LoginView.swift in Sources */,
				8F8580E325D1399E00722FDE /* Vin21App.swift in Sources */,
			);
			runOnlyForDeploymentPostprocessing = 0;
		};
/* End PBXSourcesBuildPhase section */

/* Begin XCBuildConfiguration section */
		8F8580EC25D139A300722FDE /* Debug */ = {
			isa = XCBuildConfiguration;
			buildSettings = {
				ALWAYS_SEARCH_USER_PATHS = NO;
				CLANG_ANALYZER_NONNULL = YES;
				CLANG_ANALYZER_NUMBER_OBJECT_CONVERSION = YES_AGGRESSIVE;
				CLANG_CXX_LANGUAGE_STANDARD = "gnu++14";
				CLANG_CXX_LIBRARY = "libc++";
				CLANG_ENABLE_MODULES = YES;
				CLANG_ENABLE_OBJC_ARC = YES;
				CLANG_ENABLE_OBJC_WEAK = YES;
				CLANG_WARN_BLOCK_CAPTURE_AUTORELEASING = YES;
				CLANG_WARN_BOOL_CONVERSION = YES;
				CLANG_WARN_COMMA = YES;
				CLANG_WARN_CONSTANT_CONVERSION = YES;
				CLANG_WARN_DEPRECATED_OBJC_IMPLEMENTATIONS = YES;
				CLANG_WARN_DIRECT_OBJC_ISA_USAGE = YES_ERROR;
				CLANG_WARN_DOCUMENTATION_COMMENTS = YES;
				CLANG_WARN_EMPTY_BODY = YES;
				CLANG_WARN_ENUM_CONVERSION = YES;
				CLANG_WARN_INFINITE_RECURSION = YES;
				CLANG_WARN_INT_CONVERSION = YES;
				CLANG_WARN_NON_LITERAL_NULL_CONVERSION = YES;
				CLANG_WARN_OBJC_IMPLICIT_RETAIN_SELF = YES;
				CLANG_WARN_OBJC_LITERAL_CONVERSION = YES;
				CLANG_WARN_OBJC_ROOT_CLASS = YES_ERROR;
				CLANG_WARN_QUOTED_INCLUDE_IN_FRAMEWORK_HEADER = YES;
				CLANG_WARN_RANGE_LOOP_ANALYSIS = YES;
				CLANG_WARN_STRICT_PROTOTYPES = YES;
				CLANG_WARN_SUSPICIOUS_MOVE = YES;
				CLANG_WARN_UNGUARDED_AVAILABILITY = YES_AGGRESSIVE;
				CLANG_WARN_UNREACHABLE_CODE = YES;
				CLANG_WARN__DUPLICATE_METHOD_MATCH = YES;
				COPY_PHASE_STRIP = NO;
				DEBUG_INFORMATION_FORMAT = dwarf;
				ENABLE_STRICT_OBJC_MSGSEND = YES;
				ENABLE_TESTABILITY = YES;
				GCC_C_LANGUAGE_STANDARD = gnu11;
				GCC_DYNAMIC_NO_PIC = NO;
				GCC_NO_COMMON_BLOCKS = YES;
				GCC_OPTIMIZATION_LEVEL = 0;
				GCC_PREPROCESSOR_DEFINITIONS = (
					"DEBUG=1",
					"$(inherited)",
				);
				GCC_WARN_64_TO_32_BIT_CONVERSION = YES;
				GCC_WARN_ABOUT_RETURN_TYPE = YES_ERROR;
				GCC_WARN_UNDECLARED_SELECTOR = YES;
				GCC_WARN_UNINITIALIZED_AUTOS = YES_AGGRESSIVE;
				GCC_WARN_UNUSED_FUNCTION = YES;
				GCC_WARN_UNUSED_VARIABLE = YES;
				IPHONEOS_DEPLOYMENT_TARGET = 14.4;
				MTL_ENABLE_DEBUG_INFO = INCLUDE_SOURCE;
				MTL_FAST_MATH = YES;
				ONLY_ACTIVE_ARCH = YES;
				SDKROOT = iphoneos;
				SWIFT_ACTIVE_COMPILATION_CONDITIONS = DEBUG;
				SWIFT_OPTIMIZATION_LEVEL = "-Onone";
			};
			name = Debug;
		};
		8F8580ED25D139A300722FDE /* Release */ = {
			isa = XCBuildConfiguration;
			buildSettings = {
				ALWAYS_SEARCH_USER_PATHS = NO;
				CLANG_ANALYZER_NONNULL = YES;
				CLANG_ANALYZER_NUMBER_OBJECT_CONVERSION = YES_AGGRESSIVE;
				CLANG_CXX_LANGUAGE_STANDARD = "gnu++14";
				CLANG_CXX_LIBRARY = "libc++";
				CLANG_ENABLE_MODULES = YES;
				CLANG_ENABLE_OBJC_ARC = YES;
				CLANG_ENABLE_OBJC_WEAK = YES;
				CLANG_WARN_BLOCK_CAPTURE_AUTORELEASING = YES;
				CLANG_WARN_BOOL_CONVERSION = YES;
				CLANG_WARN_COMMA = YES;
				CLANG_WARN_CONSTANT_CONVERSION = YES;
				CLANG_WARN_DEPRECATED_OBJC_IMPLEMENTATIONS = YES;
				CLANG_WARN_DIRECT_OBJC_ISA_USAGE = YES_ERROR;
				CLANG_WARN_DOCUMENTATION_COMMENTS = YES;
				CLANG_WARN_EMPTY_BODY = YES;
				CLANG_WARN_ENUM_CONVERSION = YES;
				CLANG_WARN_INFINITE_RECURSION = YES;
				CLANG_WARN_INT_CONVERSION = YES;
				CLANG_WARN_NON_LITERAL_NULL_CONVERSION = YES;
				CLANG_WARN_OBJC_IMPLICIT_RETAIN_SELF = YES;
				CLANG_WARN_OBJC_LITERAL_CONVERSION = YES;
				CLANG_WARN_OBJC_ROOT_CLASS = YES_ERROR;
				CLANG_WARN_QUOTED_INCLUDE_IN_FRAMEWORK_HEADER = YES;
				CLANG_WARN_RANGE_LOOP_ANALYSIS = YES;
				CLANG_WARN_STRICT_PROTOTYPES = YES;
				CLANG_WARN_SUSPICIOUS_MOVE = YES;
				CLANG_WARN_UNGUARDED_AVAILABILITY = YES_AGGRESSIVE;
				CLANG_WARN_UNREACHABLE_CODE = YES;
				CLANG_WARN__DUPLICATE_METHOD_MATCH = YES;
				COPY_PHASE_STRIP = NO;
				DEBUG_INFORMATION_FORMAT = "dwarf-with-dsym";
				ENABLE_NS_ASSERTIONS = NO;
				ENABLE_STRICT_OBJC_MSGSEND = YES;
				GCC_C_LANGUAGE_STANDARD = gnu11;
				GCC_NO_COMMON_BLOCKS = YES;
				GCC_WARN_64_TO_32_BIT_CONVERSION = YES;
				GCC_WARN_ABOUT_RETURN_TYPE = YES_ERROR;
				GCC_WARN_UNDECLARED_SELECTOR = YES;
				GCC_WARN_UNINITIALIZED_AUTOS = YES_AGGRESSIVE;
				GCC_WARN_UNUSED_FUNCTION = YES;
				GCC_WARN_UNUSED_VARIABLE = YES;
				IPHONEOS_DEPLOYMENT_TARGET = 14.4;
				MTL_ENABLE_DEBUG_INFO = NO;
				MTL_FAST_MATH = YES;
				SDKROOT = iphoneos;
				SWIFT_COMPILATION_MODE = wholemodule;
				SWIFT_OPTIMIZATION_LEVEL = "-O";
				VALIDATE_PRODUCT = YES;
			};
			name = Release;
		};
		8F8580EF25D139A300722FDE /* Debug */ = {
			isa = XCBuildConfiguration;
			buildSettings = {
				ASSETCATALOG_COMPILER_APPICON_NAME = AppIcon;
				ASSETCATALOG_COMPILER_GLOBAL_ACCENT_COLOR_NAME = AccentColor;
				CODE_SIGN_STYLE = Automatic;
				DEVELOPMENT_ASSET_PATHS = "\"Vin21/Preview Content\"";
				DEVELOPMENT_TEAM = Z98NUU2B3L;
				ENABLE_PREVIEWS = YES;
				INFOPLIST_FILE = Vin21/Info.plist;
				IPHONEOS_DEPLOYMENT_TARGET = 14.0;
				LD_RUNPATH_SEARCH_PATHS = (
					"$(inherited)",
					"@executable_path/Frameworks",
				);
				PRODUCT_BUNDLE_IDENTIFIER = app.myeline.vin21;
				PRODUCT_NAME = "$(TARGET_NAME)";
				SWIFT_VERSION = 5.0;
				TARGETED_DEVICE_FAMILY = "1,2";
			};
			name = Debug;
		};
		8F8580F025D139A300722FDE /* Release */ = {
			isa = XCBuildConfiguration;
			buildSettings = {
				ASSETCATALOG_COMPILER_APPICON_NAME = AppIcon;
				ASSETCATALOG_COMPILER_GLOBAL_ACCENT_COLOR_NAME = AccentColor;
				CODE_SIGN_STYLE = Automatic;
				DEVELOPMENT_ASSET_PATHS = "\"Vin21/Preview Content\"";
				DEVELOPMENT_TEAM = Z98NUU2B3L;
				ENABLE_PREVIEWS = YES;
				INFOPLIST_FILE = Vin21/Info.plist;
				IPHONEOS_DEPLOYMENT_TARGET = 14.0;
				LD_RUNPATH_SEARCH_PATHS = (
					"$(inherited)",
					"@executable_path/Frameworks",
				);
				PRODUCT_BUNDLE_IDENTIFIER = app.myeline.vin21;
				PRODUCT_NAME = "$(TARGET_NAME)";
				SWIFT_VERSION = 5.0;
				TARGETED_DEVICE_FAMILY = "1,2";
			};
			name = Release;
		};
/* End XCBuildConfiguration section */

/* Begin XCConfigurationList section */
		8F8580DA25D1399E00722FDE /* Build configuration list for PBXProject "Vin21" */ = {
			isa = XCConfigurationList;
			buildConfigurations = (
				8F8580EC25D139A300722FDE /* Debug */,
				8F8580ED25D139A300722FDE /* Release */,
			);
			defaultConfigurationIsVisible = 0;
			defaultConfigurationName = Release;
		};
		8F8580EE25D139A300722FDE /* Build configuration list for PBXNativeTarget "Vin21" */ = {
			isa = XCConfigurationList;
			buildConfigurations = (
				8F8580EF25D139A300722FDE /* Debug */,
				8F8580F025D139A300722FDE /* Release */,
			);
			defaultConfigurationIsVisible = 0;
			defaultConfigurationName = Release;
		};
/* End XCConfigurationList section */

/* Begin XCRemoteSwiftPackageReference section */
		8FA27B1125D3D58F00B3A91C /* XCRemoteSwiftPackageReference "firebase-ios-sdk" */ = {
			isa = XCRemoteSwiftPackageReference;
			repositoryURL = "https://github.com/firebase/firebase-ios-sdk.git";
			requirement = {
				kind = upToNextMajorVersion;
				minimumVersion = 7.6.0;
			};
		};
/* End XCRemoteSwiftPackageReference section */

/* Begin XCSwiftPackageProductDependency section */
		8FA27B1225D3D58F00B3A91C /* FirebaseAuth */ = {
			isa = XCSwiftPackageProductDependency;
			package = 8FA27B1125D3D58F00B3A91C /* XCRemoteSwiftPackageReference "firebase-ios-sdk" */;
			productName = FirebaseAuth;
		};
		8FA27B1425D3D58F00B3A91C /* FirebaseFirestore */ = {
			isa = XCSwiftPackageProductDependency;
			package = 8FA27B1125D3D58F00B3A91C /* XCRemoteSwiftPackageReference "firebase-ios-sdk" */;
			productName = FirebaseFirestore;
		};
		8FA27B1625D3D58F00B3A91C /* FirebaseFirestoreSwift-Beta */ = {
			isa = XCSwiftPackageProductDependency;
			package = 8FA27B1125D3D58F00B3A91C /* XCRemoteSwiftPackageReference "firebase-ios-sdk" */;
			productName = "FirebaseFirestoreSwift-Beta";
		};
/* End XCSwiftPackageProductDependency section */
	};
	rootObject = 8F8580D725D1399E00722FDE /* Project object */;
}
